Public Class Form1
    Private Sub Label2_Click(sender As Object, e As EventArgs) Handles Label2.Click

    End Sub

    Private Sub Button1_Click(sender As Object, e As EventArgs) Handles Button1.Click
        Dim x As Integer
        Dim y As Integer

        x = Integer.Parse(TextBox1.Text)
        y = Integer.Parse(TextBox2.Text)

        If RadioButton1.Checked = True Then
            TextBox3.Text = (x + y).ToString
        End If

        If RadioButton2.Checked = True Then
            TextBox3.Text = (x - y).ToString
        End If

        If RadioButton3.Checked = True Then
            TextBox3.Text = (x / y).ToString
        End If

        If RadioButton4.Checked = True Then
            TextBox3.Text = (x * y).ToString
        End If
    End Sub

    Private Sub Button3_Click(sender As Object, e As EventArgs) Handles Button3.Click
        End
    End Sub

    Private Sub Button2_Click(sender As Object, e As EventArgs) Handles Button2.Click
        Dim for2 As New Form3

        for2.Show()
    End Sub
End Class




***************************************************
الفورم الثاني للحاسبة المتقدمة
***************************************************


Public Class Form2
    Private Sub Form2_Load(sender As Object, e As EventArgs) Handles MyBase.Load

    End Sub

    Private Sub Button1_Click(sender As Object, e As EventArgs) Handles Button1.Click
        Dim z As Integer
        Dim x As Integer

        z = Integer.Parse(TextBox1.Text)
        x = Integer.Parse(TextBox2.Text)

        If RadioButton1.Checked = True Then
            TextBox3.Text = (z Mod x).ToString
        End If

        If RadioButton2.Checked = True Then
            TextBox3.Text = (z ^ x).ToString
        End If

        If RadioButton3.Checked = True Then
            TextBox3.Text = (z √ x).ToString
        End If

        If RadioButton4.Checked = True Then
            TextBox3.Text = (z |y|).ToString
        End If
    End Sub
End Class

